
Microsoft Visual Studio Solution File, Format Version 12.00
# Visual Studio Version 17
VisualStudioVersion = 17.1.32407.343
MinimumVisualStudioVersion = 10.0.40219.1
Project("{FAE04EC0-301F-11D3-BF4B-00C04F79EFBC}") = "AdaProjectWithSql", "AdaProjectWithSql\AdaProjectWithSql.csproj", "{E5010CE7-4F90-4C7F-871C-F71A50245645}"
EndProject
Global
	GlobalSection(SolutionConfigurationPlatforms) = preSolution
		Debug|Any CPU = Debug|Any CPU
		Release|Any CPU = Release|Any CPU
	EndGlobalSection
	GlobalSection(ProjectConfigurationPlatforms) = postSolution
		{E5010CE7-4F90-4C7F-871C-F71A50245645}.Debug|Any CPU.ActiveCfg = Debug|Any CPU
		{E5010CE7-4F90-4C7F-871C-F71A50245645}.Debug|Any CPU.Build.0 = Debug|Any CPU
		{E5010CE7-4F90-4C7F-871C-F71A50245645}.Release|Any CPU.ActiveCfg = Release|Any CPU
		{E5010CE7-4F90-4C7F-871C-F71A50245645}.Release|Any CPU.Build.0 = Release|Any CPU
	EndGlobalSection
	GlobalSection(SolutionProperties) = preSolution
		HideSolutionNode = FALSE
	EndGlobalSection
	GlobalSection(ExtensibilityGlobals) = postSolution
		SolutionGuid = {7F4C614B-19D7-4F73-92BC-45E2AEED15F6}
	EndGlobalSection
EndGlobal
